// !$*UTF8*$!
{
	archiveVersion = 1;
	classes = {
	};
	objectVersion = 50;
	objects = {

/* Begin PBXBuildFile section */
		D237330B25D1BD1B004098E5 /* AppDelegate.swift in Sources */ = {isa = PBXBuildFile; fileRef = D237330A25D1BD1B004098E5 /* AppDelegate.swift */; };
		D237330D25D1BD1B004098E5 /* SceneDelegate.swift in Sources */ = {isa = PBXBuildFile; fileRef = D237330C25D1BD1B004098E5 /* SceneDelegate.swift */; };
		D237330F25D1BD1B004098E5 /* ViewController.swift in Sources */ = {isa = PBXBuildFile; fileRef = D237330E25D1BD1B004098E5 /* ViewController.swift */; };
		D237331225D1BD1B004098E5 /* Main.storyboard in Resources */ = {isa = PBXBuildFile; fileRef = D237331025D1BD1B004098E5 /* Main.storyboard */; };
		D237331525D1BD1B004098E5 /* Chat2chat.xcdatamodeld in Sources */ = {isa = PBXBuildFile; fileRef = D237331325D1BD1B004098E5 /* Chat2chat.xcdatamodeld */; };
		D237331725D1BD1F004098E5 /* Assets.xcassets in Resources */ = {isa = PBXBuildFile; fileRef = D237331625D1BD1F004098E5 /* Assets.xcassets */; };
		D237331A25D1BD1F004098E5 /* LaunchScreen.storyboard in Resources */ = {isa = PBXBuildFile; fileRef = D237331825D1BD1F004098E5 /* LaunchScreen.storyboard */; };
		D237332525D1BD1F004098E5 /* Chat2chatTests.swift in Sources */ = {isa = PBXBuildFile; fileRef = D237332425D1BD1F004098E5 /* Chat2chatTests.swift */; };
		D237334A25D1C61B004098E5 /* GoogleService-Info.plist in Resources */ = {isa = PBXBuildFile; fileRef = D237334925D1C61B004098E5 /* GoogleService-Info.plist */; };
/* End PBXBuildFile section */

/* Begin PBXContainerItemProxy section */
		D237332125D1BD1F004098E5 /* PBXContainerItemProxy */ = {
			isa = PBXContainerItemProxy;
			containerPortal = D23732FF25D1BD1B004098E5 /* Project object */;
			proxyType = 1;
			remoteGlobalIDString = D237330625D1BD1B004098E5;
			remoteInfo = Chat2chat;
		};
/* End PBXContainerItemProxy section */

/* Begin PBXFileReference section */
		D237330725D1BD1B004098E5 /* Chat2chat.app */ = {isa = PBXFileReference; explicitFileType = wrapper.application; includeInIndex = 0; path = Chat2chat.app; sourceTree = BUILT_PRODUCTS_DIR; };
		D237330A25D1BD1B004098E5 /* AppDelegate.swift */ = {isa = PBXFileReference; lastKnownFileType = sourcecode.swift; path = AppDelegate.swift; sourceTree = "<group>"; };
		D237330C25D1BD1B004098E5 /* SceneDelegate.swift */ = {isa = PBXFileReference; lastKnownFileType = sourcecode.swift; path = SceneDelegate.swift; sourceTree = "<group>"; };
		D237330E25D1BD1B004098E5 /* ViewController.swift */ = {isa = PBXFileReference; lastKnownFileType = sourcecode.swift; path = ViewController.swift; sourceTree = "<group>"; };
		D237331125D1BD1B004098E5 /* Base */ = {isa = PBXFileReference; lastKnownFileType = file.storyboard; name = Base; path = Base.lproj/Main.storyboard; sourceTree = "<group>"; };
		D237331425D1BD1B004098E5 /* Chat2chat.xcdatamodel */ = {isa = PBXFileReference; lastKnownFileType = wrapper.xcdatamodel; path = Chat2chat.xcdatamodel; sourceTree = "<group>"; };
		D237331625D1BD1F004098E5 /* Assets.xcassets */ = {isa = PBXFileReference; lastKnownFileType = folder.assetcatalog; path = Assets.xcassets; sourceTree = "<group>"; };
		D237331925D1BD1F004098E5 /* Base */ = {isa = PBXFileReference; lastKnownFileType = file.storyboard; name = Base; path = Base.lproj/LaunchScreen.storyboard; sourceTree = "<group>"; };
		D237331B25D1BD1F004098E5 /* Info.plist */ = {isa = PBXFileReference; lastKnownFileType = text.plist.xml; path = Info.plist; sourceTree = "<group>"; };
		D237332025D1BD1F004098E5 /* Chat2chatTests.xctest */ = {isa = PBXFileReference; explicitFileType = wrapper.cfbundle; includeInIndex = 0; path = Chat2chatTests.xctest; sourceTree = BUILT_PRODUCTS_DIR; };
		D237332425D1BD1F004098E5 /* Chat2chatTests.swift */ = {isa = PBXFileReference; lastKnownFileType = sourcecode.swift; path = Chat2chatTests.swift; sourceTree = "<group>"; };
		D237332625D1BD1F004098E5 /* Info.plist */ = {isa = PBXFileReference; lastKnownFileType = text.plist.xml; path = Info.plist; sourceTree = "<group>"; };
		D237334925D1C61B004098E5 /* GoogleService-Info.plist */ = {isa = PBXFileReference; fileEncoding = 4; lastKnownFileType = text.plist.xml; path = "GoogleService-Info.plist"; sourceTree = "<group>"; };
/* End PBXFileReference section */

/* Begin PBXFrameworksBuildPhase section */
		D237330425D1BD1B004098E5 /* Frameworks */ = {
			isa = PBXFrameworksBuildPhase;
			buildActionMask = 2147483647;
			files = (
			);
			runOnlyForDeploymentPostprocessing = 0;
		};
		D237331D25D1BD1F004098E5 /* Frameworks */ = {
			isa = PBXFrameworksBuildPhase;
			buildActionMask = 2147483647;
			files = (
			);
			runOnlyForDeploymentPostprocessing = 0;
		};
/* End PBXFrameworksBuildPhase section */

/* Begin PBXGroup section */
		D23732FE25D1BD1B004098E5 = {
			isa = PBXGroup;
			children = (
				D237330925D1BD1B004098E5 /* Chat2chat */,
				D237332325D1BD1F004098E5 /* Chat2chatTests */,
				D237330825D1BD1B004098E5 /* Products */,
			);
			sourceTree = "<group>";
		};
		D237330825D1BD1B004098E5 /* Products */ = {
			isa = PBXGroup;
			children = (
				D237330725D1BD1B004098E5 /* Chat2chat.app */,
				D237332025D1BD1F004098E5 /* Chat2chatTests.xctest */,
			);
			name = Products;
			sourceTree = "<group>";
		};
		D237330925D1BD1B004098E5 /* Chat2chat */ = {
			isa = PBXGroup;
			children = (
				D237334E25D1C689004098E5 /* App */,
				D237335225D1C69C004098E5 /* Controllers */,
				D237335125D1C691004098E5 /* Model */,
				D237334D25D1C681004098E5 /* Views */,
				D237331625D1BD1F004098E5 /* Assets.xcassets */,
				D237331B25D1BD1F004098E5 /* Info.plist */,
				D237334925D1C61B004098E5 /* GoogleService-Info.plist */,
			);
			path = Chat2chat;
			sourceTree = "<group>";
		};
		D237332325D1BD1F004098E5 /* Chat2chatTests */ = {
			isa = PBXGroup;
			children = (
				D237332425D1BD1F004098E5 /* Chat2chatTests.swift */,
				D237332625D1BD1F004098E5 /* Info.plist */,
			);
			path = Chat2chatTests;
			sourceTree = "<group>";
		};
		D237334D25D1C681004098E5 /* Views */ = {
			isa = PBXGroup;
			children = (
				D237331025D1BD1B004098E5 /* Main.storyboard */,
				D237331825D1BD1F004098E5 /* LaunchScreen.storyboard */,
			);
			path = Views;
			sourceTree = "<group>";
		};
		D237334E25D1C689004098E5 /* App */ = {
			isa = PBXGroup;
			children = (
				D237330A25D1BD1B004098E5 /* AppDelegate.swift */,
				D237330C25D1BD1B004098E5 /* SceneDelegate.swift */,
			);
			path = App;
			sourceTree = "<group>";
		};
		D237335125D1C691004098E5 /* Model */ = {
			isa = PBXGroup;
			children = (
				D237331325D1BD1B004098E5 /* Chat2chat.xcdatamodeld */,
			);
			path = Model;
			sourceTree = "<group>";
		};
		D237335225D1C69C004098E5 /* Controllers */ = {
			isa = PBXGroup;
			children = (
				D237330E25D1BD1B004098E5 /* ViewController.swift */,
			);
			path = Controllers;
			sourceTree = "<group>";
		};
/* End PBXGroup section */

/* Begin PBXNativeTarget section */
		D237330625D1BD1B004098E5 /* Chat2chat */ = {
			isa = PBXNativeTarget;
			buildConfigurationList = D237333425D1BD1F004098E5 /* Build configuration list for PBXNativeTarget "Chat2chat" */;
			buildPhases = (
				D237330325D1BD1B004098E5 /* Sources */,
				D237330425D1BD1B004098E5 /* Frameworks */,
				D237330525D1BD1B004098E5 /* Resources */,
			);
			buildRules = (
			);
			dependencies = (
			);
			name = Chat2chat;
			productName = Chat2chat;
			productReference = D237330725D1BD1B004098E5 /* Chat2chat.app */;
			productType = "com.apple.product-type.application";
		};
		D237331F25D1BD1F004098E5 /* Chat2chatTests */ = {
			isa = PBXNativeTarget;
			buildConfigurationList = D237333725D1BD1F004098E5 /* Build configuration list for PBXNativeTarget "Chat2chatTests" */;
			buildPhases = (
				D237331C25D1BD1F004098E5 /* Sources */,
				D237331D25D1BD1F004098E5 /* Frameworks */,
				D237331E25D1BD1F004098E5 /* Resources */,
			);
			buildRules = (
			);
			dependencies = (
				D237332225D1BD1F004098E5 /* PBXTargetDependency */,
			);
			name = Chat2chatTests;
			productName = Chat2chatTests;
			productReference = D237332025D1BD1F004098E5 /* Chat2chatTests.xctest */;
			productType = "com.apple.product-type.bundle.unit-test";
		};
/* End PBXNativeTarget section */

/* Begin PBXProject section */
		D23732FF25D1BD1B004098E5 /* Project object */ = {
			isa = PBXProject;
			attributes = {
				LastSwiftUpdateCheck = 1240;
				LastUpgradeCheck = 1240;
				TargetAttributes = {
					D237330625D1BD1B004098E5 = {
						CreatedOnToolsVersion = 12.4;
					};
					D237331F25D1BD1F004098E5 = {
						CreatedOnToolsVersion = 12.4;
						TestTargetID = D237330625D1BD1B004098E5;
					};
				};
			};
			buildConfigurationList = D237330225D1BD1B004098E5 /* Build configuration list for PBXProject "Chat2chat" */;
			compatibilityVersion = "Xcode 9.3";
			developmentRegion = en;
			hasScannedForEncodings = 0;
			knownRegions = (
				en,
				Base,
			);
			mainGroup = D23732FE25D1BD1B004098E5;
			productRefGroup = D237330825D1BD1B004098E5 /* Products */;
			projectDirPath = "";
			projectRoot = "";
			targets = (
				D237330625D1BD1B004098E5 /* Chat2chat */,
				D237331F25D1BD1F004098E5 /* Chat2chatTests */,
			);
		};
/* End PBXProject section */

/* Begin PBXResourcesBuildPhase section */
		D237330525D1BD1B004098E5 /* Resources */ = {
			isa = PBXResourcesBuildPhase;
			buildActionMask = 2147483647;
			files = (
				D237331A25D1BD1F004098E5 /* LaunchScreen.storyboard in Resources */,
				D237334A25D1C61B004098E5 /* GoogleService-Info.plist in Resources */,
				D237331725D1BD1F004098E5 /* Assets.xcassets in Resources */,
				D237331225D1BD1B004098E5 /* Main.storyboard in Resources */,
			);
			runOnlyForDeploymentPostprocessing = 0;
		};
		D237331E25D1BD1F004098E5 /* Resources */ = {
			isa = PBXResourcesBuildPhase;
			buildActionMask = 2147483647;
			files = (
			);
			runOnlyForDeploymentPostprocessing = 0;
		};
/* End PBXResourcesBuildPhase section */

/* Begin PBXSourcesBuildPhase section */
		D237330325D1BD1B004098E5 /* Sources */ = {
			isa = PBXSourcesBuildPhase;
			buildActionMask = 2147483647;
			files = (
				D237331525D1BD1B004098E5 /* Chat2chat.xcdatamodeld in Sources */,
				D237330F25D1BD1B004098E5 /* ViewController.swift in Sources */,
				D237330B25D1BD1B004098E5 /* AppDelegate.swift in Sources */,
				D237330D25D1BD1B004098E5 /* SceneDelegate.swift in Sources */,
			);
			runOnlyForDeploymentPostprocessing = 0;
		};
		D237331C25D1BD1F004098E5 /* Sources */ = {
			isa = PBXSourcesBuildPhase;
			buildActionMask = 2147483647;
			files = (
				D237332525D1BD1F004098E5 /* Chat2chatTests.swift in Sources */,
			);
			runOnlyForDeploymentPostprocessing = 0;
		};
/* End PBXSourcesBuildPhase section */

/* Begin PBXTargetDependency section */
		D237332225D1BD1F004098E5 /* PBXTargetDependency */ = {
			isa = PBXTargetDependency;
			target = D237330625D1BD1B004098E5 /* Chat2chat */;
			targetProxy = D237332125D1BD1F004098E5 /* PBXContainerItemProxy */;
		};
/* End PBXTargetDependency section */

/* Begin PBXVariantGroup section */
		D237331025D1BD1B004098E5 /* Main.storyboard */ = {
			isa = PBXVariantGroup;
			children = (
				D237331125D1BD1B004098E5 /* Base */,
			);
			name = Main.storyboard;
			sourceTree = "<group>";
		};
		D237331825D1BD1F004098E5 /* LaunchScreen.storyboard */ = {
			isa = PBXVariantGroup;
			children = (
				D237331925D1BD1F004098E5 /* Base */,
			);
			name = LaunchScreen.storyboard;
			sourceTree = "<group>";
		};
/* End PBXVariantGroup section */

/* Begin XCBuildConfiguration section */
		D237333225D1BD1F004098E5 /* Debug */ = {
			isa = XCBuildConfiguration;
			buildSettings = {
				ALWAYS_SEARCH_USER_PATHS = NO;
				CLANG_ANALYZER_NONNULL = YES;
				CLANG_ANALYZER_NUMBER_OBJECT_CONVERSION = YES_AGGRESSIVE;
				CLANG_CXX_LANGUAGE_STANDARD = "gnu++14";
				CLANG_CXX_LIBRARY = "libc++";
				CLANG_ENABLE_MODULES = YES;
				CLANG_ENABLE_OBJC_ARC = YES;
				CLANG_ENABLE_OBJC_WEAK = YES;
				CLANG_WARN_BLOCK_CAPTURE_AUTORELEASING = YES;
				CLANG_WARN_BOOL_CONVERSION = YES;
				CLANG_WARN_COMMA = YES;
				CLANG_WARN_CONSTANT_CONVERSION = YES;
				CLANG_WARN_DEPRECATED_OBJC_IMPLEMENTATIONS = YES;
				CLANG_WARN_DIRECT_OBJC_ISA_USAGE = YES_ERROR;
				CLANG_WARN_DOCUMENTATION_COMMENTS = YES;
				CLANG_WARN_EMPTY_BODY = YES;
				CLANG_WARN_ENUM_CONVERSION = YES;
				CLANG_WARN_INFINITE_RECURSION = YES;
				CLANG_WARN_INT_CONVERSION = YES;
				CLANG_WARN_NON_LITERAL_NULL_CONVERSION = YES;
				CLANG_WARN_OBJC_IMPLICIT_RETAIN_SELF = YES;
				CLANG_WARN_OBJC_LITERAL_CONVERSION = YES;
				CLANG_WARN_OBJC_ROOT_CLASS = YES_ERROR;
				CLANG_WARN_QUOTED_INCLUDE_IN_FRAMEWORK_HEADER = YES;
				CLANG_WARN_RANGE_LOOP_ANALYSIS = YES;
				CLANG_WARN_STRICT_PROTOTYPES = YES;
				CLANG_WARN_SUSPICIOUS_MOVE = YES;
				CLANG_WARN_UNGUARDED_AVAILABILITY = YES_AGGRESSIVE;
				CLANG_WARN_UNREACHABLE_CODE = YES;
				CLANG_WARN__DUPLICATE_METHOD_MATCH = YES;
				COPY_PHASE_STRIP = NO;
				DEBUG_INFORMATION_FORMAT = dwarf;
				ENABLE_STRICT_OBJC_MSGSEND = YES;
				ENABLE_TESTABILITY = YES;
				GCC_C_LANGUAGE_STANDARD = gnu11;
				GCC_DYNAMIC_NO_PIC = NO;
				GCC_NO_COMMON_BLOCKS = YES;
				GCC_OPTIMIZATION_LEVEL = 0;
				GCC_PREPROCESSOR_DEFINITIONS = (
					"DEBUG=1",
					"$(inherited)",
				);
				GCC_WARN_64_TO_32_BIT_CONVERSION = YES;
				GCC_WARN_ABOUT_RETURN_TYPE = YES_ERROR;
				GCC_WARN_UNDECLARED_SELECTOR = YES;
				GCC_WARN_UNINITIALIZED_AUTOS = YES_AGGRESSIVE;
				GCC_WARN_UNUSED_FUNCTION = YES;
				GCC_WARN_UNUSED_VARIABLE = YES;
				IPHONEOS_DEPLOYMENT_TARGET = 12.3;
				MTL_ENABLE_DEBUG_INFO = INCLUDE_SOURCE;
				MTL_FAST_MATH = YES;
				ONLY_ACTIVE_ARCH = YES;
				SDKROOT = iphoneos;
				SWIFT_ACTIVE_COMPILATION_CONDITIONS = DEBUG;
				SWIFT_OPTIMIZATION_LEVEL = "-Onone";
			};
			name = Debug;
		};
		D237333325D1BD1F004098E5 /* Release */ = {
			isa = XCBuildConfiguration;
			buildSettings = {
				ALWAYS_SEARCH_USER_PATHS = NO;
				CLANG_ANALYZER_NONNULL = YES;
				CLANG_ANALYZER_NUMBER_OBJECT_CONVERSION = YES_AGGRESSIVE;
				CLANG_CXX_LANGUAGE_STANDARD = "gnu++14";
				CLANG_CXX_LIBRARY = "libc++";
				CLANG_ENABLE_MODULES = YES;
				CLANG_ENABLE_OBJC_ARC = YES;
				CLANG_ENABLE_OBJC_WEAK = YES;
				CLANG_WARN_BLOCK_CAPTURE_AUTORELEASING = YES;
				CLANG_WARN_BOOL_CONVERSION = YES;
				CLANG_WARN_COMMA = YES;
				CLANG_WARN_CONSTANT_CONVERSION = YES;
				CLANG_WARN_DEPRECATED_OBJC_IMPLEMENTATIONS = YES;
				CLANG_WARN_DIRECT_OBJC_ISA_USAGE = YES_ERROR;
				CLANG_WARN_DOCUMENTATION_COMMENTS = YES;
				CLANG_WARN_EMPTY_BODY = YES;
				CLANG_WARN_ENUM_CONVERSION = YES;
				CLANG_WARN_INFINITE_RECURSION = YES;
				CLANG_WARN_INT_CONVERSION = YES;
				CLANG_WARN_NON_LITERAL_NULL_CONVERSION = YES;
				CLANG_WARN_OBJC_IMPLICIT_RETAIN_SELF = YES;
				CLANG_WARN_OBJC_LITERAL_CONVERSION = YES;
				CLANG_WARN_OBJC_ROOT_CLASS = YES_ERROR;
				CLANG_WARN_QUOTED_INCLUDE_IN_FRAMEWORK_HEADER = YES;
				CLANG_WARN_RANGE_LOOP_ANALYSIS = YES;
				CLANG_WARN_STRICT_PROTOTYPES = YES;
				CLANG_WARN_SUSPICIOUS_MOVE = YES;
				CLANG_WARN_UNGUARDED_AVAILABILITY = YES_AGGRESSIVE;
				CLANG_WARN_UNREACHABLE_CODE = YES;
				CLANG_WARN__DUPLICATE_METHOD_MATCH = YES;
				COPY_PHASE_STRIP = NO;
				DEBUG_INFORMATION_FORMAT = "dwarf-with-dsym";
				ENABLE_NS_ASSERTIONS = NO;
				ENABLE_STRICT_OBJC_MSGSEND = YES;
				GCC_C_LANGUAGE_STANDARD = gnu11;
				GCC_NO_COMMON_BLOCKS = YES;
				GCC_WARN_64_TO_32_BIT_CONVERSION = YES;
				GCC_WARN_ABOUT_RETURN_TYPE = YES_ERROR;
				GCC_WARN_UNDECLARED_SELECTOR = YES;
				GCC_WARN_UNINITIALIZED_AUTOS = YES_AGGRESSIVE;
				GCC_WARN_UNUSED_FUNCTION = YES;
				GCC_WARN_UNUSED_VARIABLE = YES;
				IPHONEOS_DEPLOYMENT_TARGET = 12.3;
				MTL_ENABLE_DEBUG_INFO = NO;
				MTL_FAST_MATH = YES;
				SDKROOT = iphoneos;
				SWIFT_COMPILATION_MODE = wholemodule;
				SWIFT_OPTIMIZATION_LEVEL = "-O";
				VALIDATE_PRODUCT = YES;
			};
			name = Release;
		};
		D237333525D1BD1F004098E5 /* Debug */ = {
			isa = XCBuildConfiguration;
			buildSettings = {
				ASSETCATALOG_COMPILER_APPICON_NAME = AppIcon;
				ASSETCATALOG_COMPILER_GLOBAL_ACCENT_COLOR_NAME = AccentColor;
				CODE_SIGN_STYLE = Automatic;
				DEVELOPMENT_TEAM = CUJ73BXL42;
				INFOPLIST_FILE = Chat2chat/Info.plist;
				IPHONEOS_DEPLOYMENT_TARGET = 14.4;
				LD_RUNPATH_SEARCH_PATHS = (
					"$(inherited)",
					"@executable_path/Frameworks",
				);
				PRODUCT_BUNDLE_IDENTIFIER = kurking.Chat2chat;
				PRODUCT_NAME = "$(TARGET_NAME)";
				SWIFT_VERSION = 5.0;
				TARGETED_DEVICE_FAMILY = "1,2";
			};
			name = Debug;
		};
		D237333625D1BD1F004098E5 /* Release */ = {
			isa = XCBuildConfiguration;
			buildSettings = {
				ASSETCATALOG_COMPILER_APPICON_NAME = AppIcon;
				ASSETCATALOG_COMPILER_GLOBAL_ACCENT_COLOR_NAME = AccentColor;
				CODE_SIGN_STYLE = Automatic;
				DEVELOPMENT_TEAM = CUJ73BXL42;
				INFOPLIST_FILE = Chat2chat/Info.plist;
				IPHONEOS_DEPLOYMENT_TARGET = 14.4;
				LD_RUNPATH_SEARCH_PATHS = (
					"$(inherited)",
					"@executable_path/Frameworks",
				);
				PRODUCT_BUNDLE_IDENTIFIER = kurking.Chat2chat;
				PRODUCT_NAME = "$(TARGET_NAME)";
				SWIFT_VERSION = 5.0;
				TARGETED_DEVICE_FAMILY = "1,2";
			};
			name = Release;
		};
		D237333825D1BD1F004098E5 /* Debug */ = {
			isa = XCBuildConfiguration;
			buildSettings = {
				ALWAYS_EMBED_SWIFT_STANDARD_LIBRARIES = YES;
				BUNDLE_LOADER = "$(TEST_HOST)";
				CODE_SIGN_STYLE = Automatic;
				DEVELOPMENT_TEAM = CUJ73BXL42;
				INFOPLIST_FILE = Chat2chatTests/Info.plist;
				IPHONEOS_DEPLOYMENT_TARGET = 14.4;
				LD_RUNPATH_SEARCH_PATHS = (
					"$(inherited)",
					"@executable_path/Frameworks",
					"@loader_path/Frameworks",
				);
				PRODUCT_BUNDLE_IDENTIFIER = kurking.Chat2chatTests;
				PRODUCT_NAME = "$(TARGET_NAME)";
				SWIFT_VERSION = 5.0;
				TARGETED_DEVICE_FAMILY = "1,2";
				TEST_HOST = "$(BUILT_PRODUCTS_DIR)/Chat2chat.app/Chat2chat";
			};
			name = Debug;
		};
		D237333925D1BD1F004098E5 /* Release */ = {
			isa = XCBuildConfiguration;
			buildSettings = {
				ALWAYS_EMBED_SWIFT_STANDARD_LIBRARIES = YES;
				BUNDLE_LOADER = "$(TEST_HOST)";
				CODE_SIGN_STYLE = Automatic;
				DEVELOPMENT_TEAM = CUJ73BXL42;
				INFOPLIST_FILE = Chat2chatTests/Info.plist;
				IPHONEOS_DEPLOYMENT_TARGET = 14.4;
				LD_RUNPATH_SEARCH_PATHS = (
					"$(inherited)",
					"@executable_path/Frameworks",
					"@loader_path/Frameworks",
				);
				PRODUCT_BUNDLE_IDENTIFIER = kurking.Chat2chatTests;
				PRODUCT_NAME = "$(TARGET_NAME)";
				SWIFT_VERSION = 5.0;
				TARGETED_DEVICE_FAMILY = "1,2";
				TEST_HOST = "$(BUILT_PRODUCTS_DIR)/Chat2chat.app/Chat2chat";
			};
			name = Release;
		};
/* End XCBuildConfiguration section */

/* Begin XCConfigurationList section */
		D237330225D1BD1B004098E5 /* Build configuration list for PBXProject "Chat2chat" */ = {
			isa = XCConfigurationList;
			buildConfigurations = (
				D237333225D1BD1F004098E5 /* Debug */,
				D237333325D1BD1F004098E5 /* Release */,
			);
			defaultConfigurationIsVisible = 0;
			defaultConfigurationName = Release;
		};
		D237333425D1BD1F004098E5 /* Build configuration list for PBXNativeTarget "Chat2chat" */ = {
			isa = XCConfigurationList;
			buildConfigurations = (
				D237333525D1BD1F004098E5 /* Debug */,
				D237333625D1BD1F004098E5 /* Release */,
			);
			defaultConfigurationIsVisible = 0;
			defaultConfigurationName = Release;
		};
		D237333725D1BD1F004098E5 /* Build configuration list for PBXNativeTarget "Chat2chatTests" */ = {
			isa = XCConfigurationList;
			buildConfigurations = (
				D237333825D1BD1F004098E5 /* Debug */,
				D237333925D1BD1F004098E5 /* Release */,
			);
			defaultConfigurationIsVisible = 0;
			defaultConfigurationName = Release;
		};
/* End XCConfigurationList section */

/* Begin XCVersionGroup section */
		D237331325D1BD1B004098E5 /* Chat2chat.xcdatamodeld */ = {
			isa = XCVersionGroup;
			children = (
				D237331425D1BD1B004098E5 /* Chat2chat.xcdatamodel */,
			);
			currentVersion = D237331425D1BD1B004098E5 /* Chat2chat.xcdatamodel */;
			path = Chat2chat.xcdatamodeld;
			sourceTree = "<group>";
			versionGroupType = wrapper.xcdatamodel;
		};
/* End XCVersionGroup section */
	};
	rootObject = D23732FF25D1BD1B004098E5 /* Project object */;
}
