// !$*UTF8*$!
{
	archiveVersion = 1;
	classes = {
	};
	objectVersion = 51;
	objects = {

/* Begin PBXBuildFile section */
		87C7CED2D9429B81B7BC1C5B /* Pods_Chat2chat.framework in Frameworks */ = {isa = PBXBuildFile; fileRef = 5F98299313DCC7A980FA8CB7 /* Pods_Chat2chat.framework */; };
		D221ACDE2603C54000DE590A /* LoadingView.swift in Sources */ = {isa = PBXBuildFile; fileRef = D221ACDD2603C54000DE590A /* LoadingView.swift */; };
		D221ACE82603D77200DE590A /* Constants.swift in Sources */ = {isa = PBXBuildFile; fileRef = D221ACE72603D77200DE590A /* Constants.swift */; };
		D22826FF25D55DB400589766 /* MessageViewModel.swift in Sources */ = {isa = PBXBuildFile; fileRef = D22826FE25D55DB400589766 /* MessageViewModel.swift */; };
		D228270325D5712600589766 /* MessageView.swift in Sources */ = {isa = PBXBuildFile; fileRef = D228270225D5712600589766 /* MessageView.swift */; };
		D228270B25D573E500589766 /* SelfMessageViewCell.swift in Sources */ = {isa = PBXBuildFile; fileRef = D228270A25D573E500589766 /* SelfMessageViewCell.swift */; };
		D237330B25D1BD1B004098E5 /* AppDelegate.swift in Sources */ = {isa = PBXBuildFile; fileRef = D237330A25D1BD1B004098E5 /* AppDelegate.swift */; };
		D237330D25D1BD1B004098E5 /* SceneDelegate.swift in Sources */ = {isa = PBXBuildFile; fileRef = D237330C25D1BD1B004098E5 /* SceneDelegate.swift */; };
		D237331525D1BD1B004098E5 /* Chat2chat.xcdatamodeld in Sources */ = {isa = PBXBuildFile; fileRef = D237331325D1BD1B004098E5 /* Chat2chat.xcdatamodeld */; };
		D237331725D1BD1F004098E5 /* Assets.xcassets in Resources */ = {isa = PBXBuildFile; fileRef = D237331625D1BD1F004098E5 /* Assets.xcassets */; };
		D237331A25D1BD1F004098E5 /* LaunchScreen.storyboard in Resources */ = {isa = PBXBuildFile; fileRef = D237331825D1BD1F004098E5 /* LaunchScreen.storyboard */; };
		D237332525D1BD1F004098E5 /* Chat2chatTests.swift in Sources */ = {isa = PBXBuildFile; fileRef = D237332425D1BD1F004098E5 /* Chat2chatTests.swift */; };
		D237334A25D1C61B004098E5 /* GoogleService-Info.plist in Resources */ = {isa = PBXBuildFile; fileRef = D237334925D1C61B004098E5 /* GoogleService-Info.plist */; };
		D23733DD25D27BCB004098E5 /* ChatViewController.swift in Sources */ = {isa = PBXBuildFile; fileRef = D23733DB25D27BCB004098E5 /* ChatViewController.swift */; };
		D237341525D30E0B004098E5 /* InterlocutorMessageViewCell.swift in Sources */ = {isa = PBXBuildFile; fileRef = D237341425D30E0B004098E5 /* InterlocutorMessageViewCell.swift */; };
		D237349425D535C9004098E5 /* ChatView.swift in Sources */ = {isa = PBXBuildFile; fileRef = D237349325D535C8004098E5 /* ChatView.swift */; };
		D24B00C8262B5B5E00AEA3D3 /* ChatPresenter.swift in Sources */ = {isa = PBXBuildFile; fileRef = D24B00C7262B5B5E00AEA3D3 /* ChatPresenter.swift */; };
		D24B00DF262B5E1C00AEA3D3 /* ChatServiceDelegate.swift in Sources */ = {isa = PBXBuildFile; fileRef = D24B00DE262B5E1C00AEA3D3 /* ChatServiceDelegate.swift */; };
		D24B00FD262C1D5000AEA3D3 /* MessageContainer.swift in Sources */ = {isa = PBXBuildFile; fileRef = D24B00FC262C1D5000AEA3D3 /* MessageContainer.swift */; };
		D26610E725D7EA4A00CB7CFE /* SenderTextFieldView.swift in Sources */ = {isa = PBXBuildFile; fileRef = D26610E625D7EA4A00CB7CFE /* SenderTextFieldView.swift */; };
		D26F323B26066D06004A808F /* TableViewExtension.swift in Sources */ = {isa = PBXBuildFile; fileRef = D26F323A26066D06004A808F /* TableViewExtension.swift */; };
		D26F323F26066E6E004A808F /* ReuseViewProtocol.swift in Sources */ = {isa = PBXBuildFile; fileRef = D26F323E26066E6E004A808F /* ReuseViewProtocol.swift */; };
		D26F3247260670C4004A808F /* StartedChatTableViewCell.swift in Sources */ = {isa = PBXBuildFile; fileRef = D26F3246260670C4004A808F /* StartedChatTableViewCell.swift */; };
		D297722625D70CDC002EA547 /* FirestoreDataBase.swift in Sources */ = {isa = PBXBuildFile; fileRef = D297722525D70CDC002EA547 /* FirestoreDataBase.swift */; };
		D29B8C38262C1F2500D8B103 /* DataBase.swift in Sources */ = {isa = PBXBuildFile; fileRef = D29B8C37262C1F2500D8B103 /* DataBase.swift */; };
		D29B8C3C262C2D1900D8B103 /* MessageDBEntity.swift in Sources */ = {isa = PBXBuildFile; fileRef = D29B8C3B262C2D1900D8B103 /* MessageDBEntity.swift */; };
		D29C106425D7C186003473F3 /* StringExtension.swift in Sources */ = {isa = PBXBuildFile; fileRef = D29C106325D7C186003473F3 /* StringExtension.swift */; };
		D2A4C5CC25F95D2800307B72 /* DataBaseDelegate.swift in Sources */ = {isa = PBXBuildFile; fileRef = D2A4C5CB25F95D2700307B72 /* DataBaseDelegate.swift */; };
		D96D86F0C0E3156FA350326E /* Pods_Chat2chatTests.framework in Frameworks */ = {isa = PBXBuildFile; fileRef = AF8BE8A5C72B2360047DA629 /* Pods_Chat2chatTests.framework */; };
/* End PBXBuildFile section */

/* Begin PBXContainerItemProxy section */
		D237332125D1BD1F004098E5 /* PBXContainerItemProxy */ = {
			isa = PBXContainerItemProxy;
			containerPortal = D23732FF25D1BD1B004098E5 /* Project object */;
			proxyType = 1;
			remoteGlobalIDString = D237330625D1BD1B004098E5;
			remoteInfo = Chat2chat;
		};
/* End PBXContainerItemProxy section */

/* Begin PBXFileReference section */
		3DF02759387C0DB83DD1FFB2 /* Pods-Chat2chatTests.release.xcconfig */ = {isa = PBXFileReference; includeInIndex = 1; lastKnownFileType = text.xcconfig; name = "Pods-Chat2chatTests.release.xcconfig"; path = "Target Support Files/Pods-Chat2chatTests/Pods-Chat2chatTests.release.xcconfig"; sourceTree = "<group>"; };
		5F98299313DCC7A980FA8CB7 /* Pods_Chat2chat.framework */ = {isa = PBXFileReference; explicitFileType = wrapper.framework; includeInIndex = 0; path = Pods_Chat2chat.framework; sourceTree = BUILT_PRODUCTS_DIR; };
		651CAC0DB6F1C0AEF7BDFCAC /* Pods-Chat2chat.release.xcconfig */ = {isa = PBXFileReference; includeInIndex = 1; lastKnownFileType = text.xcconfig; name = "Pods-Chat2chat.release.xcconfig"; path = "Target Support Files/Pods-Chat2chat/Pods-Chat2chat.release.xcconfig"; sourceTree = "<group>"; };
		8F6B4C2FD21B0222BD2B409B /* Pods-Chat2chat.debug.xcconfig */ = {isa = PBXFileReference; includeInIndex = 1; lastKnownFileType = text.xcconfig; name = "Pods-Chat2chat.debug.xcconfig"; path = "Target Support Files/Pods-Chat2chat/Pods-Chat2chat.debug.xcconfig"; sourceTree = "<group>"; };
		A7873E3D9A9D1998F27A73A7 /* Pods-Chat2chatTests.debug.xcconfig */ = {isa = PBXFileReference; includeInIndex = 1; lastKnownFileType = text.xcconfig; name = "Pods-Chat2chatTests.debug.xcconfig"; path = "Target Support Files/Pods-Chat2chatTests/Pods-Chat2chatTests.debug.xcconfig"; sourceTree = "<group>"; };
		AF8BE8A5C72B2360047DA629 /* Pods_Chat2chatTests.framework */ = {isa = PBXFileReference; explicitFileType = wrapper.framework; includeInIndex = 0; path = Pods_Chat2chatTests.framework; sourceTree = BUILT_PRODUCTS_DIR; };
		D221ACDD2603C54000DE590A /* LoadingView.swift */ = {isa = PBXFileReference; lastKnownFileType = sourcecode.swift; path = LoadingView.swift; sourceTree = "<group>"; };
		D221ACE72603D77200DE590A /* Constants.swift */ = {isa = PBXFileReference; lastKnownFileType = sourcecode.swift; path = Constants.swift; sourceTree = "<group>"; };
		D22826FE25D55DB400589766 /* MessageViewModel.swift */ = {isa = PBXFileReference; lastKnownFileType = sourcecode.swift; path = MessageViewModel.swift; sourceTree = "<group>"; };
		D228270225D5712600589766 /* MessageView.swift */ = {isa = PBXFileReference; lastKnownFileType = sourcecode.swift; path = MessageView.swift; sourceTree = "<group>"; };
		D228270A25D573E500589766 /* SelfMessageViewCell.swift */ = {isa = PBXFileReference; lastKnownFileType = sourcecode.swift; path = SelfMessageViewCell.swift; sourceTree = "<group>"; };
		D237330725D1BD1B004098E5 /* Chat2chat.app */ = {isa = PBXFileReference; explicitFileType = wrapper.application; includeInIndex = 0; path = Chat2chat.app; sourceTree = BUILT_PRODUCTS_DIR; };
		D237330A25D1BD1B004098E5 /* AppDelegate.swift */ = {isa = PBXFileReference; lastKnownFileType = sourcecode.swift; path = AppDelegate.swift; sourceTree = "<group>"; };
		D237330C25D1BD1B004098E5 /* SceneDelegate.swift */ = {isa = PBXFileReference; lastKnownFileType = sourcecode.swift; path = SceneDelegate.swift; sourceTree = "<group>"; };
		D237331425D1BD1B004098E5 /* Chat2chat.xcdatamodel */ = {isa = PBXFileReference; lastKnownFileType = wrapper.xcdatamodel; path = Chat2chat.xcdatamodel; sourceTree = "<group>"; };
		D237331625D1BD1F004098E5 /* Assets.xcassets */ = {isa = PBXFileReference; lastKnownFileType = folder.assetcatalog; path = Assets.xcassets; sourceTree = "<group>"; };
		D237331925D1BD1F004098E5 /* Base */ = {isa = PBXFileReference; lastKnownFileType = file.storyboard; name = Base; path = Base.lproj/LaunchScreen.storyboard; sourceTree = "<group>"; };
		D237331B25D1BD1F004098E5 /* Info.plist */ = {isa = PBXFileReference; lastKnownFileType = text.plist.xml; path = Info.plist; sourceTree = "<group>"; };
		D237332025D1BD1F004098E5 /* Chat2chatTests.xctest */ = {isa = PBXFileReference; explicitFileType = wrapper.cfbundle; includeInIndex = 0; path = Chat2chatTests.xctest; sourceTree = BUILT_PRODUCTS_DIR; };
		D237332425D1BD1F004098E5 /* Chat2chatTests.swift */ = {isa = PBXFileReference; lastKnownFileType = sourcecode.swift; path = Chat2chatTests.swift; sourceTree = "<group>"; };
		D237332625D1BD1F004098E5 /* Info.plist */ = {isa = PBXFileReference; lastKnownFileType = text.plist.xml; path = Info.plist; sourceTree = "<group>"; };
		D237334925D1C61B004098E5 /* GoogleService-Info.plist */ = {isa = PBXFileReference; fileEncoding = 4; lastKnownFileType = text.plist.xml; path = "GoogleService-Info.plist"; sourceTree = "<group>"; };
		D23733DB25D27BCB004098E5 /* ChatViewController.swift */ = {isa = PBXFileReference; lastKnownFileType = sourcecode.swift; path = ChatViewController.swift; sourceTree = "<group>"; };
		D237341425D30E0B004098E5 /* InterlocutorMessageViewCell.swift */ = {isa = PBXFileReference; lastKnownFileType = sourcecode.swift; path = InterlocutorMessageViewCell.swift; sourceTree = "<group>"; };
		D237349325D535C8004098E5 /* ChatView.swift */ = {isa = PBXFileReference; lastKnownFileType = sourcecode.swift; path = ChatView.swift; sourceTree = "<group>"; };
		D24B00C7262B5B5E00AEA3D3 /* ChatPresenter.swift */ = {isa = PBXFileReference; lastKnownFileType = sourcecode.swift; path = ChatPresenter.swift; sourceTree = "<group>"; };
		D24B00DE262B5E1C00AEA3D3 /* ChatServiceDelegate.swift */ = {isa = PBXFileReference; lastKnownFileType = sourcecode.swift; path = ChatServiceDelegate.swift; sourceTree = "<group>"; };
		D24B00FC262C1D5000AEA3D3 /* MessageContainer.swift */ = {isa = PBXFileReference; lastKnownFileType = sourcecode.swift; path = MessageContainer.swift; sourceTree = "<group>"; };
		D26610E625D7EA4A00CB7CFE /* SenderTextFieldView.swift */ = {isa = PBXFileReference; lastKnownFileType = sourcecode.swift; path = SenderTextFieldView.swift; sourceTree = "<group>"; };
		D26F323A26066D06004A808F /* TableViewExtension.swift */ = {isa = PBXFileReference; lastKnownFileType = sourcecode.swift; path = TableViewExtension.swift; sourceTree = "<group>"; };
		D26F323E26066E6E004A808F /* ReuseViewProtocol.swift */ = {isa = PBXFileReference; lastKnownFileType = sourcecode.swift; path = ReuseViewProtocol.swift; sourceTree = "<group>"; };
		D26F3246260670C4004A808F /* StartedChatTableViewCell.swift */ = {isa = PBXFileReference; lastKnownFileType = sourcecode.swift; path = StartedChatTableViewCell.swift; sourceTree = "<group>"; };
		D297722525D70CDC002EA547 /* FirestoreDataBase.swift */ = {isa = PBXFileReference; lastKnownFileType = sourcecode.swift; path = FirestoreDataBase.swift; sourceTree = "<group>"; };
		D29B8C37262C1F2500D8B103 /* DataBase.swift */ = {isa = PBXFileReference; lastKnownFileType = sourcecode.swift; path = DataBase.swift; sourceTree = "<group>"; };
		D29B8C3B262C2D1900D8B103 /* MessageDBEntity.swift */ = {isa = PBXFileReference; lastKnownFileType = sourcecode.swift; path = MessageDBEntity.swift; sourceTree = "<group>"; };
		D29C106325D7C186003473F3 /* StringExtension.swift */ = {isa = PBXFileReference; lastKnownFileType = sourcecode.swift; path = StringExtension.swift; sourceTree = "<group>"; };
		D2A4C5C125F93E9F00307B72 /* Chat2chat.entitlements */ = {isa = PBXFileReference; lastKnownFileType = text.plist.entitlements; path = Chat2chat.entitlements; sourceTree = "<group>"; };
		D2A4C5CB25F95D2700307B72 /* DataBaseDelegate.swift */ = {isa = PBXFileReference; lastKnownFileType = sourcecode.swift; path = DataBaseDelegate.swift; sourceTree = "<group>"; };
/* End PBXFileReference section */

/* Begin PBXFrameworksBuildPhase section */
		D237330425D1BD1B004098E5 /* Frameworks */ = {
			isa = PBXFrameworksBuildPhase;
			buildActionMask = 2147483647;
			files = (
				87C7CED2D9429B81B7BC1C5B /* Pods_Chat2chat.framework in Frameworks */,
			);
			runOnlyForDeploymentPostprocessing = 0;
		};
		D237331D25D1BD1F004098E5 /* Frameworks */ = {
			isa = PBXFrameworksBuildPhase;
			buildActionMask = 2147483647;
			files = (
				D96D86F0C0E3156FA350326E /* Pods_Chat2chatTests.framework in Frameworks */,
			);
			runOnlyForDeploymentPostprocessing = 0;
		};
/* End PBXFrameworksBuildPhase section */

/* Begin PBXGroup section */
		88C941C9FDEA67AC717637E7 /* Frameworks */ = {
			isa = PBXGroup;
			children = (
				5F98299313DCC7A980FA8CB7 /* Pods_Chat2chat.framework */,
				AF8BE8A5C72B2360047DA629 /* Pods_Chat2chatTests.framework */,
			);
			name = Frameworks;
			sourceTree = "<group>";
		};
		B830AB2310079792C53461DA /* Pods */ = {
			isa = PBXGroup;
			children = (
				8F6B4C2FD21B0222BD2B409B /* Pods-Chat2chat.debug.xcconfig */,
				651CAC0DB6F1C0AEF7BDFCAC /* Pods-Chat2chat.release.xcconfig */,
				A7873E3D9A9D1998F27A73A7 /* Pods-Chat2chatTests.debug.xcconfig */,
				3DF02759387C0DB83DD1FFB2 /* Pods-Chat2chatTests.release.xcconfig */,
			);
			path = Pods;
			sourceTree = "<group>";
		};
		D23732FE25D1BD1B004098E5 = {
			isa = PBXGroup;
			children = (
				D237330925D1BD1B004098E5 /* Chat2chat */,
				D237332325D1BD1F004098E5 /* Chat2chatTests */,
				D237330825D1BD1B004098E5 /* Products */,
				B830AB2310079792C53461DA /* Pods */,
				88C941C9FDEA67AC717637E7 /* Frameworks */,
			);
			sourceTree = "<group>";
		};
		D237330825D1BD1B004098E5 /* Products */ = {
			isa = PBXGroup;
			children = (
				D237330725D1BD1B004098E5 /* Chat2chat.app */,
				D237332025D1BD1F004098E5 /* Chat2chatTests.xctest */,
			);
			name = Products;
			sourceTree = "<group>";
		};
		D237330925D1BD1B004098E5 /* Chat2chat */ = {
			isa = PBXGroup;
			children = (
				D2A4C5C125F93E9F00307B72 /* Chat2chat.entitlements */,
				D237334E25D1C689004098E5 /* App */,
				D237335125D1C691004098E5 /* Model */,
				D24B00FB262C1D3F00AEA3D3 /* DataAccess */,
				D24B00C6262B5B3D00AEA3D3 /* Presenter */,
				D237341325D30DD2004098E5 /* Views */,
				D237335225D1C69C004098E5 /* Controllers */,
				D26F323926066CE5004A808F /* Extensions */,
				D2A4C5CA25F95D0200307B72 /* Protocols */,
				D23733F325D2A3DB004098E5 /* SupportingFiles */,
				D237331B25D1BD1F004098E5 /* Info.plist */,
				D237334925D1C61B004098E5 /* GoogleService-Info.plist */,
			);
			path = Chat2chat;
			sourceTree = "<group>";
		};
		D237332325D1BD1F004098E5 /* Chat2chatTests */ = {
			isa = PBXGroup;
			children = (
				D237332425D1BD1F004098E5 /* Chat2chatTests.swift */,
				D237332625D1BD1F004098E5 /* Info.plist */,
			);
			path = Chat2chatTests;
			sourceTree = "<group>";
		};
		D237334E25D1C689004098E5 /* App */ = {
			isa = PBXGroup;
			children = (
				D237330A25D1BD1B004098E5 /* AppDelegate.swift */,
				D237330C25D1BD1B004098E5 /* SceneDelegate.swift */,
			);
			path = App;
			sourceTree = "<group>";
		};
		D237335125D1C691004098E5 /* Model */ = {
			isa = PBXGroup;
			children = (
				D237331325D1BD1B004098E5 /* Chat2chat.xcdatamodeld */,
				D22826FE25D55DB400589766 /* MessageViewModel.swift */,
				D29B8C3B262C2D1900D8B103 /* MessageDBEntity.swift */,
			);
			path = Model;
			sourceTree = "<group>";
		};
		D237335225D1C69C004098E5 /* Controllers */ = {
			isa = PBXGroup;
			children = (
				D23733DB25D27BCB004098E5 /* ChatViewController.swift */,
			);
			path = Controllers;
			sourceTree = "<group>";
		};
		D23733F325D2A3DB004098E5 /* SupportingFiles */ = {
			isa = PBXGroup;
			children = (
				D221ACE72603D77200DE590A /* Constants.swift */,
				D237331825D1BD1F004098E5 /* LaunchScreen.storyboard */,
				D237331625D1BD1F004098E5 /* Assets.xcassets */,
			);
			path = SupportingFiles;
			sourceTree = "<group>";
		};
		D237341325D30DD2004098E5 /* Views */ = {
			isa = PBXGroup;
			children = (
				D228270A25D573E500589766 /* SelfMessageViewCell.swift */,
				D237341425D30E0B004098E5 /* InterlocutorMessageViewCell.swift */,
				D228270225D5712600589766 /* MessageView.swift */,
				D26610E625D7EA4A00CB7CFE /* SenderTextFieldView.swift */,
				D237349325D535C8004098E5 /* ChatView.swift */,
				D221ACDD2603C54000DE590A /* LoadingView.swift */,
				D26F3246260670C4004A808F /* StartedChatTableViewCell.swift */,
			);
			path = Views;
			sourceTree = "<group>";
		};
		D24B00C6262B5B3D00AEA3D3 /* Presenter */ = {
			isa = PBXGroup;
			children = (
				D24B00C7262B5B5E00AEA3D3 /* ChatPresenter.swift */,
			);
			path = Presenter;
			sourceTree = "<group>";
		};
		D24B00FB262C1D3F00AEA3D3 /* DataAccess */ = {
			isa = PBXGroup;
			children = (
				D297722525D70CDC002EA547 /* FirestoreDataBase.swift */,
				D24B00FC262C1D5000AEA3D3 /* MessageContainer.swift */,
			);
			path = DataAccess;
			sourceTree = "<group>";
		};
		D26F323926066CE5004A808F /* Extensions */ = {
			isa = PBXGroup;
			children = (
				D29C106325D7C186003473F3 /* StringExtension.swift */,
				D26F323A26066D06004A808F /* TableViewExtension.swift */,
			);
			path = Extensions;
			sourceTree = "<group>";
		};
		D2A4C5CA25F95D0200307B72 /* Protocols */ = {
			isa = PBXGroup;
			children = (
				D2A4C5CB25F95D2700307B72 /* DataBaseDelegate.swift */,
				D26F323E26066E6E004A808F /* ReuseViewProtocol.swift */,
				D24B00DE262B5E1C00AEA3D3 /* ChatServiceDelegate.swift */,
				D29B8C37262C1F2500D8B103 /* DataBase.swift */,
			);
			path = Protocols;
			sourceTree = "<group>";
		};
/* End PBXGroup section */

/* Begin PBXNativeTarget section */
		D237330625D1BD1B004098E5 /* Chat2chat */ = {
			isa = PBXNativeTarget;
			buildConfigurationList = D237333425D1BD1F004098E5 /* Build configuration list for PBXNativeTarget "Chat2chat" */;
			buildPhases = (
				533BA2E34EEC3BE7303A4E94 /* [CP] Check Pods Manifest.lock */,
				D237330325D1BD1B004098E5 /* Sources */,
				D237330425D1BD1B004098E5 /* Frameworks */,
				D237330525D1BD1B004098E5 /* Resources */,
				7D1A5253FB4AFE0C3B75ECF7 /* [CP] Embed Pods Frameworks */,
			);
			buildRules = (
			);
			dependencies = (
			);
			name = Chat2chat;
			productName = Chat2chat;
			productReference = D237330725D1BD1B004098E5 /* Chat2chat.app */;
			productType = "com.apple.product-type.application";
		};
		D237331F25D1BD1F004098E5 /* Chat2chatTests */ = {
			isa = PBXNativeTarget;
			buildConfigurationList = D237333725D1BD1F004098E5 /* Build configuration list for PBXNativeTarget "Chat2chatTests" */;
			buildPhases = (
				810708354A2BBB2ACA51236D /* [CP] Check Pods Manifest.lock */,
				D237331C25D1BD1F004098E5 /* Sources */,
				D237331D25D1BD1F004098E5 /* Frameworks */,
				D237331E25D1BD1F004098E5 /* Resources */,
				DA256A6B34165EDF1CC23547 /* [CP] Embed Pods Frameworks */,
			);
			buildRules = (
			);
			dependencies = (
				D237332225D1BD1F004098E5 /* PBXTargetDependency */,
			);
			name = Chat2chatTests;
			productName = Chat2chatTests;
			productReference = D237332025D1BD1F004098E5 /* Chat2chatTests.xctest */;
			productType = "com.apple.product-type.bundle.unit-test";
		};
/* End PBXNativeTarget section */

/* Begin PBXProject section */
		D23732FF25D1BD1B004098E5 /* Project object */ = {
			isa = PBXProject;
			attributes = {
				LastSwiftUpdateCheck = 1240;
				LastUpgradeCheck = 1240;
				TargetAttributes = {
					D237330625D1BD1B004098E5 = {
						CreatedOnToolsVersion = 12.4;
					};
					D237331F25D1BD1F004098E5 = {
						CreatedOnToolsVersion = 12.4;
						TestTargetID = D237330625D1BD1B004098E5;
					};
				};
			};
			buildConfigurationList = D237330225D1BD1B004098E5 /* Build configuration list for PBXProject "Chat2chat" */;
			compatibilityVersion = "Xcode 9.3";
			developmentRegion = en;
			hasScannedForEncodings = 0;
			knownRegions = (
				en,
				Base,
			);
			mainGroup = D23732FE25D1BD1B004098E5;
			productRefGroup = D237330825D1BD1B004098E5 /* Products */;
			projectDirPath = "";
			projectRoot = "";
			targets = (
				D237330625D1BD1B004098E5 /* Chat2chat */,
				D237331F25D1BD1F004098E5 /* Chat2chatTests */,
			);
		};
/* End PBXProject section */

/* Begin PBXResourcesBuildPhase section */
		D237330525D1BD1B004098E5 /* Resources */ = {
			isa = PBXResourcesBuildPhase;
			buildActionMask = 2147483647;
			files = (
				D237331A25D1BD1F004098E5 /* LaunchScreen.storyboard in Resources */,
				D237334A25D1C61B004098E5 /* GoogleService-Info.plist in Resources */,
				D237331725D1BD1F004098E5 /* Assets.xcassets in Resources */,
			);
			runOnlyForDeploymentPostprocessing = 0;
		};
		D237331E25D1BD1F004098E5 /* Resources */ = {
			isa = PBXResourcesBuildPhase;
			buildActionMask = 2147483647;
			files = (
			);
			runOnlyForDeploymentPostprocessing = 0;
		};
/* End PBXResourcesBuildPhase section */

/* Begin PBXShellScriptBuildPhase section */
		533BA2E34EEC3BE7303A4E94 /* [CP] Check Pods Manifest.lock */ = {
			isa = PBXShellScriptBuildPhase;
			buildActionMask = 2147483647;
			files = (
			);
			inputFileListPaths = (
			);
			inputPaths = (
				"${PODS_PODFILE_DIR_PATH}/Podfile.lock",
				"${PODS_ROOT}/Manifest.lock",
			);
			name = "[CP] Check Pods Manifest.lock";
			outputFileListPaths = (
			);
			outputPaths = (
				"$(DERIVED_FILE_DIR)/Pods-Chat2chat-checkManifestLockResult.txt",
			);
			runOnlyForDeploymentPostprocessing = 0;
			shellPath = /bin/sh;
			shellScript = "diff \"${PODS_PODFILE_DIR_PATH}/Podfile.lock\" \"${PODS_ROOT}/Manifest.lock\" > /dev/null\nif [ $? != 0 ] ; then\n    # print error to STDERR\n    echo \"error: The sandbox is not in sync with the Podfile.lock. Run 'pod install' or update your CocoaPods installation.\" >&2\n    exit 1\nfi\n# This output is used by Xcode 'outputs' to avoid re-running this script phase.\necho \"SUCCESS\" > \"${SCRIPT_OUTPUT_FILE_0}\"\n";
			showEnvVarsInLog = 0;
		};
		7D1A5253FB4AFE0C3B75ECF7 /* [CP] Embed Pods Frameworks */ = {
			isa = PBXShellScriptBuildPhase;
			buildActionMask = 2147483647;
			files = (
			);
			inputFileListPaths = (
				"${PODS_ROOT}/Target Support Files/Pods-Chat2chat/Pods-Chat2chat-frameworks-${CONFIGURATION}-input-files.xcfilelist",
			);
			name = "[CP] Embed Pods Frameworks";
			outputFileListPaths = (
				"${PODS_ROOT}/Target Support Files/Pods-Chat2chat/Pods-Chat2chat-frameworks-${CONFIGURATION}-output-files.xcfilelist",
			);
			runOnlyForDeploymentPostprocessing = 0;
			shellPath = /bin/sh;
			shellScript = "\"${PODS_ROOT}/Target Support Files/Pods-Chat2chat/Pods-Chat2chat-frameworks.sh\"\n";
			showEnvVarsInLog = 0;
		};
		810708354A2BBB2ACA51236D /* [CP] Check Pods Manifest.lock */ = {
			isa = PBXShellScriptBuildPhase;
			buildActionMask = 2147483647;
			files = (
			);
			inputFileListPaths = (
			);
			inputPaths = (
				"${PODS_PODFILE_DIR_PATH}/Podfile.lock",
				"${PODS_ROOT}/Manifest.lock",
			);
			name = "[CP] Check Pods Manifest.lock";
			outputFileListPaths = (
			);
			outputPaths = (
				"$(DERIVED_FILE_DIR)/Pods-Chat2chatTests-checkManifestLockResult.txt",
			);
			runOnlyForDeploymentPostprocessing = 0;
			shellPath = /bin/sh;
			shellScript = "diff \"${PODS_PODFILE_DIR_PATH}/Podfile.lock\" \"${PODS_ROOT}/Manifest.lock\" > /dev/null\nif [ $? != 0 ] ; then\n    # print error to STDERR\n    echo \"error: The sandbox is not in sync with the Podfile.lock. Run 'pod install' or update your CocoaPods installation.\" >&2\n    exit 1\nfi\n# This output is used by Xcode 'outputs' to avoid re-running this script phase.\necho \"SUCCESS\" > \"${SCRIPT_OUTPUT_FILE_0}\"\n";
			showEnvVarsInLog = 0;
		};
		DA256A6B34165EDF1CC23547 /* [CP] Embed Pods Frameworks */ = {
			isa = PBXShellScriptBuildPhase;
			buildActionMask = 2147483647;
			files = (
			);
			inputFileListPaths = (
				"${PODS_ROOT}/Target Support Files/Pods-Chat2chatTests/Pods-Chat2chatTests-frameworks-${CONFIGURATION}-input-files.xcfilelist",
			);
			name = "[CP] Embed Pods Frameworks";
			outputFileListPaths = (
				"${PODS_ROOT}/Target Support Files/Pods-Chat2chatTests/Pods-Chat2chatTests-frameworks-${CONFIGURATION}-output-files.xcfilelist",
			);
			runOnlyForDeploymentPostprocessing = 0;
			shellPath = /bin/sh;
			shellScript = "\"${PODS_ROOT}/Target Support Files/Pods-Chat2chatTests/Pods-Chat2chatTests-frameworks.sh\"\n";
			showEnvVarsInLog = 0;
		};
/* End PBXShellScriptBuildPhase section */

/* Begin PBXSourcesBuildPhase section */
		D237330325D1BD1B004098E5 /* Sources */ = {
			isa = PBXSourcesBuildPhase;
			buildActionMask = 2147483647;
			files = (
				D2A4C5CC25F95D2800307B72 /* DataBaseDelegate.swift in Sources */,
				D237341525D30E0B004098E5 /* InterlocutorMessageViewCell.swift in Sources */,
				D237331525D1BD1B004098E5 /* Chat2chat.xcdatamodeld in Sources */,
				D26F323B26066D06004A808F /* TableViewExtension.swift in Sources */,
				D29C106425D7C186003473F3 /* StringExtension.swift in Sources */,
				D24B00FD262C1D5000AEA3D3 /* MessageContainer.swift in Sources */,
				D237330B25D1BD1B004098E5 /* AppDelegate.swift in Sources */,
				D24B00DF262B5E1C00AEA3D3 /* ChatServiceDelegate.swift in Sources */,
				D24B00C8262B5B5E00AEA3D3 /* ChatPresenter.swift in Sources */,
				D221ACE82603D77200DE590A /* Constants.swift in Sources */,
				D26F3247260670C4004A808F /* StartedChatTableViewCell.swift in Sources */,
				D221ACDE2603C54000DE590A /* LoadingView.swift in Sources */,
				D237349425D535C9004098E5 /* ChatView.swift in Sources */,
				D23733DD25D27BCB004098E5 /* ChatViewController.swift in Sources */,
				D228270325D5712600589766 /* MessageView.swift in Sources */,
				D29B8C3C262C2D1900D8B103 /* MessageDBEntity.swift in Sources */,
				D297722625D70CDC002EA547 /* FirestoreDataBase.swift in Sources */,
				D237330D25D1BD1B004098E5 /* SceneDelegate.swift in Sources */,
				D26F323F26066E6E004A808F /* ReuseViewProtocol.swift in Sources */,
				D22826FF25D55DB400589766 /* MessageViewModel.swift in Sources */,
				D29B8C38262C1F2500D8B103 /* DataBase.swift in Sources */,
				D228270B25D573E500589766 /* SelfMessageViewCell.swift in Sources */,
				D26610E725D7EA4A00CB7CFE /* SenderTextFieldView.swift in Sources */,
			);
			runOnlyForDeploymentPostprocessing = 0;
		};
		D237331C25D1BD1F004098E5 /* Sources */ = {
			isa = PBXSourcesBuildPhase;
			buildActionMask = 2147483647;
			files = (
				D237332525D1BD1F004098E5 /* Chat2chatTests.swift in Sources */,
			);
			runOnlyForDeploymentPostprocessing = 0;
		};
/* End PBXSourcesBuildPhase section */

/* Begin PBXTargetDependency section */
		D237332225D1BD1F004098E5 /* PBXTargetDependency */ = {
			isa = PBXTargetDependency;
			target = D237330625D1BD1B004098E5 /* Chat2chat */;
			targetProxy = D237332125D1BD1F004098E5 /* PBXContainerItemProxy */;
		};
/* End PBXTargetDependency section */

/* Begin PBXVariantGroup section */
		D237331825D1BD1F004098E5 /* LaunchScreen.storyboard */ = {
			isa = PBXVariantGroup;
			children = (
				D237331925D1BD1F004098E5 /* Base */,
			);
			name = LaunchScreen.storyboard;
			sourceTree = "<group>";
		};
/* End PBXVariantGroup section */

/* Begin XCBuildConfiguration section */
		D237333225D1BD1F004098E5 /* Debug */ = {
			isa = XCBuildConfiguration;
			buildSettings = {
				ALWAYS_SEARCH_USER_PATHS = NO;
				CLANG_ANALYZER_NONNULL = YES;
				CLANG_ANALYZER_NUMBER_OBJECT_CONVERSION = YES_AGGRESSIVE;
				CLANG_CXX_LANGUAGE_STANDARD = "gnu++14";
				CLANG_CXX_LIBRARY = "libc++";
				CLANG_ENABLE_MODULES = YES;
				CLANG_ENABLE_OBJC_ARC = YES;
				CLANG_ENABLE_OBJC_WEAK = YES;
				CLANG_WARN_BLOCK_CAPTURE_AUTORELEASING = YES;
				CLANG_WARN_BOOL_CONVERSION = YES;
				CLANG_WARN_COMMA = YES;
				CLANG_WARN_CONSTANT_CONVERSION = YES;
				CLANG_WARN_DEPRECATED_OBJC_IMPLEMENTATIONS = YES;
				CLANG_WARN_DIRECT_OBJC_ISA_USAGE = YES_ERROR;
				CLANG_WARN_DOCUMENTATION_COMMENTS = YES;
				CLANG_WARN_EMPTY_BODY = YES;
				CLANG_WARN_ENUM_CONVERSION = YES;
				CLANG_WARN_INFINITE_RECURSION = YES;
				CLANG_WARN_INT_CONVERSION = YES;
				CLANG_WARN_NON_LITERAL_NULL_CONVERSION = YES;
				CLANG_WARN_OBJC_IMPLICIT_RETAIN_SELF = YES;
				CLANG_WARN_OBJC_LITERAL_CONVERSION = YES;
				CLANG_WARN_OBJC_ROOT_CLASS = YES_ERROR;
				CLANG_WARN_QUOTED_INCLUDE_IN_FRAMEWORK_HEADER = YES;
				CLANG_WARN_RANGE_LOOP_ANALYSIS = YES;
				CLANG_WARN_STRICT_PROTOTYPES = YES;
				CLANG_WARN_SUSPICIOUS_MOVE = YES;
				CLANG_WARN_UNGUARDED_AVAILABILITY = YES_AGGRESSIVE;
				CLANG_WARN_UNREACHABLE_CODE = YES;
				CLANG_WARN__DUPLICATE_METHOD_MATCH = YES;
				COPY_PHASE_STRIP = NO;
				DEBUG_INFORMATION_FORMAT = dwarf;
				ENABLE_STRICT_OBJC_MSGSEND = YES;
				ENABLE_TESTABILITY = YES;
				GCC_C_LANGUAGE_STANDARD = gnu11;
				GCC_DYNAMIC_NO_PIC = NO;
				GCC_NO_COMMON_BLOCKS = YES;
				GCC_OPTIMIZATION_LEVEL = 0;
				GCC_PREPROCESSOR_DEFINITIONS = (
					"DEBUG=1",
					"$(inherited)",
				);
				GCC_WARN_64_TO_32_BIT_CONVERSION = YES;
				GCC_WARN_ABOUT_RETURN_TYPE = YES_ERROR;
				GCC_WARN_UNDECLARED_SELECTOR = YES;
				GCC_WARN_UNINITIALIZED_AUTOS = YES_AGGRESSIVE;
				GCC_WARN_UNUSED_FUNCTION = YES;
				GCC_WARN_UNUSED_VARIABLE = YES;
				IPHONEOS_DEPLOYMENT_TARGET = 12.3;
				MTL_ENABLE_DEBUG_INFO = INCLUDE_SOURCE;
				MTL_FAST_MATH = YES;
				ONLY_ACTIVE_ARCH = YES;
				SDKROOT = iphoneos;
				SWIFT_ACTIVE_COMPILATION_CONDITIONS = DEBUG;
				SWIFT_OPTIMIZATION_LEVEL = "-Onone";
			};
			name = Debug;
		};
		D237333325D1BD1F004098E5 /* Release */ = {
			isa = XCBuildConfiguration;
			buildSettings = {
				ALWAYS_SEARCH_USER_PATHS = NO;
				CLANG_ANALYZER_NONNULL = YES;
				CLANG_ANALYZER_NUMBER_OBJECT_CONVERSION = YES_AGGRESSIVE;
				CLANG_CXX_LANGUAGE_STANDARD = "gnu++14";
				CLANG_CXX_LIBRARY = "libc++";
				CLANG_ENABLE_MODULES = YES;
				CLANG_ENABLE_OBJC_ARC = YES;
				CLANG_ENABLE_OBJC_WEAK = YES;
				CLANG_WARN_BLOCK_CAPTURE_AUTORELEASING = YES;
				CLANG_WARN_BOOL_CONVERSION = YES;
				CLANG_WARN_COMMA = YES;
				CLANG_WARN_CONSTANT_CONVERSION = YES;
				CLANG_WARN_DEPRECATED_OBJC_IMPLEMENTATIONS = YES;
				CLANG_WARN_DIRECT_OBJC_ISA_USAGE = YES_ERROR;
				CLANG_WARN_DOCUMENTATION_COMMENTS = YES;
				CLANG_WARN_EMPTY_BODY = YES;
				CLANG_WARN_ENUM_CONVERSION = YES;
				CLANG_WARN_INFINITE_RECURSION = YES;
				CLANG_WARN_INT_CONVERSION = YES;
				CLANG_WARN_NON_LITERAL_NULL_CONVERSION = YES;
				CLANG_WARN_OBJC_IMPLICIT_RETAIN_SELF = YES;
				CLANG_WARN_OBJC_LITERAL_CONVERSION = YES;
				CLANG_WARN_OBJC_ROOT_CLASS = YES_ERROR;
				CLANG_WARN_QUOTED_INCLUDE_IN_FRAMEWORK_HEADER = YES;
				CLANG_WARN_RANGE_LOOP_ANALYSIS = YES;
				CLANG_WARN_STRICT_PROTOTYPES = YES;
				CLANG_WARN_SUSPICIOUS_MOVE = YES;
				CLANG_WARN_UNGUARDED_AVAILABILITY = YES_AGGRESSIVE;
				CLANG_WARN_UNREACHABLE_CODE = YES;
				CLANG_WARN__DUPLICATE_METHOD_MATCH = YES;
				COPY_PHASE_STRIP = NO;
				DEBUG_INFORMATION_FORMAT = "dwarf-with-dsym";
				ENABLE_NS_ASSERTIONS = NO;
				ENABLE_STRICT_OBJC_MSGSEND = YES;
				GCC_C_LANGUAGE_STANDARD = gnu11;
				GCC_NO_COMMON_BLOCKS = YES;
				GCC_WARN_64_TO_32_BIT_CONVERSION = YES;
				GCC_WARN_ABOUT_RETURN_TYPE = YES_ERROR;
				GCC_WARN_UNDECLARED_SELECTOR = YES;
				GCC_WARN_UNINITIALIZED_AUTOS = YES_AGGRESSIVE;
				GCC_WARN_UNUSED_FUNCTION = YES;
				GCC_WARN_UNUSED_VARIABLE = YES;
				IPHONEOS_DEPLOYMENT_TARGET = 12.3;
				MTL_ENABLE_DEBUG_INFO = NO;
				MTL_FAST_MATH = YES;
				SDKROOT = iphoneos;
				SWIFT_COMPILATION_MODE = wholemodule;
				SWIFT_OPTIMIZATION_LEVEL = "-O";
				VALIDATE_PRODUCT = YES;
			};
			name = Release;
		};
		D237333525D1BD1F004098E5 /* Debug */ = {
			isa = XCBuildConfiguration;
			baseConfigurationReference = 8F6B4C2FD21B0222BD2B409B /* Pods-Chat2chat.debug.xcconfig */;
			buildSettings = {
				ASSETCATALOG_COMPILER_APPICON_NAME = AppIcon;
				ASSETCATALOG_COMPILER_GLOBAL_ACCENT_COLOR_NAME = AccentColor;
				CODE_SIGN_ENTITLEMENTS = Chat2chat/Chat2chat.entitlements;
				CODE_SIGN_STYLE = Automatic;
				DEVELOPMENT_TEAM = CUJ73BXL42;
				INFOPLIST_FILE = Chat2chat/Info.plist;
				IPHONEOS_DEPLOYMENT_TARGET = 14.4;
				LD_RUNPATH_SEARCH_PATHS = (
					"$(inherited)",
					"@executable_path/Frameworks",
				);
				PRODUCT_BUNDLE_IDENTIFIER = kurking.Chat2chat;
				PRODUCT_NAME = "$(TARGET_NAME)";
				SUPPORTS_MACCATALYST = NO;
				SWIFT_VERSION = 5.0;
				TARGETED_DEVICE_FAMILY = "1,2";
			};
			name = Debug;
		};
		D237333625D1BD1F004098E5 /* Release */ = {
			isa = XCBuildConfiguration;
			baseConfigurationReference = 651CAC0DB6F1C0AEF7BDFCAC /* Pods-Chat2chat.release.xcconfig */;
			buildSettings = {
				ASSETCATALOG_COMPILER_APPICON_NAME = AppIcon;
				ASSETCATALOG_COMPILER_GLOBAL_ACCENT_COLOR_NAME = AccentColor;
				CODE_SIGN_ENTITLEMENTS = Chat2chat/Chat2chat.entitlements;
				CODE_SIGN_STYLE = Automatic;
				DEVELOPMENT_TEAM = CUJ73BXL42;
				INFOPLIST_FILE = Chat2chat/Info.plist;
				IPHONEOS_DEPLOYMENT_TARGET = 14.4;
				LD_RUNPATH_SEARCH_PATHS = (
					"$(inherited)",
					"@executable_path/Frameworks",
				);
				PRODUCT_BUNDLE_IDENTIFIER = kurking.Chat2chat;
				PRODUCT_NAME = "$(TARGET_NAME)";
				SUPPORTS_MACCATALYST = NO;
				SWIFT_VERSION = 5.0;
				TARGETED_DEVICE_FAMILY = "1,2";
			};
			name = Release;
		};
		D237333825D1BD1F004098E5 /* Debug */ = {
			isa = XCBuildConfiguration;
			baseConfigurationReference = A7873E3D9A9D1998F27A73A7 /* Pods-Chat2chatTests.debug.xcconfig */;
			buildSettings = {
				ALWAYS_EMBED_SWIFT_STANDARD_LIBRARIES = YES;
				BUNDLE_LOADER = "$(TEST_HOST)";
				"CODE_SIGN_IDENTITY[sdk=macosx*]" = "Apple Development";
				CODE_SIGN_STYLE = Automatic;
				DEVELOPMENT_TEAM = CUJ73BXL42;
				INFOPLIST_FILE = Chat2chatTests/Info.plist;
				IPHONEOS_DEPLOYMENT_TARGET = 14.4;
				LD_RUNPATH_SEARCH_PATHS = (
					"$(inherited)",
					"@executable_path/Frameworks",
					"@loader_path/Frameworks",
				);
				PRODUCT_BUNDLE_IDENTIFIER = kurking.Chat2chatTests;
				PRODUCT_NAME = "$(TARGET_NAME)";
				SWIFT_VERSION = 5.0;
				TARGETED_DEVICE_FAMILY = "1,2";
				TEST_HOST = "$(BUILT_PRODUCTS_DIR)/Chat2chat.app/Chat2chat";
			};
			name = Debug;
		};
		D237333925D1BD1F004098E5 /* Release */ = {
			isa = XCBuildConfiguration;
			baseConfigurationReference = 3DF02759387C0DB83DD1FFB2 /* Pods-Chat2chatTests.release.xcconfig */;
			buildSettings = {
				ALWAYS_EMBED_SWIFT_STANDARD_LIBRARIES = YES;
				BUNDLE_LOADER = "$(TEST_HOST)";
				"CODE_SIGN_IDENTITY[sdk=macosx*]" = "Apple Development";
				CODE_SIGN_STYLE = Automatic;
				DEVELOPMENT_TEAM = CUJ73BXL42;
				INFOPLIST_FILE = Chat2chatTests/Info.plist;
				IPHONEOS_DEPLOYMENT_TARGET = 14.4;
				LD_RUNPATH_SEARCH_PATHS = (
					"$(inherited)",
					"@executable_path/Frameworks",
					"@loader_path/Frameworks",
				);
				PRODUCT_BUNDLE_IDENTIFIER = kurking.Chat2chatTests;
				PRODUCT_NAME = "$(TARGET_NAME)";
				SWIFT_VERSION = 5.0;
				TARGETED_DEVICE_FAMILY = "1,2";
				TEST_HOST = "$(BUILT_PRODUCTS_DIR)/Chat2chat.app/Chat2chat";
			};
			name = Release;
		};
/* End XCBuildConfiguration section */

/* Begin XCConfigurationList section */
		D237330225D1BD1B004098E5 /* Build configuration list for PBXProject "Chat2chat" */ = {
			isa = XCConfigurationList;
			buildConfigurations = (
				D237333225D1BD1F004098E5 /* Debug */,
				D237333325D1BD1F004098E5 /* Release */,
			);
			defaultConfigurationIsVisible = 0;
			defaultConfigurationName = Release;
		};
		D237333425D1BD1F004098E5 /* Build configuration list for PBXNativeTarget "Chat2chat" */ = {
			isa = XCConfigurationList;
			buildConfigurations = (
				D237333525D1BD1F004098E5 /* Debug */,
				D237333625D1BD1F004098E5 /* Release */,
			);
			defaultConfigurationIsVisible = 0;
			defaultConfigurationName = Release;
		};
		D237333725D1BD1F004098E5 /* Build configuration list for PBXNativeTarget "Chat2chatTests" */ = {
			isa = XCConfigurationList;
			buildConfigurations = (
				D237333825D1BD1F004098E5 /* Debug */,
				D237333925D1BD1F004098E5 /* Release */,
			);
			defaultConfigurationIsVisible = 0;
			defaultConfigurationName = Release;
		};
/* End XCConfigurationList section */

/* Begin XCVersionGroup section */
		D237331325D1BD1B004098E5 /* Chat2chat.xcdatamodeld */ = {
			isa = XCVersionGroup;
			children = (
				D237331425D1BD1B004098E5 /* Chat2chat.xcdatamodel */,
			);
			currentVersion = D237331425D1BD1B004098E5 /* Chat2chat.xcdatamodel */;
			path = Chat2chat.xcdatamodeld;
			sourceTree = "<group>";
			versionGroupType = wrapper.xcdatamodel;
		};
/* End XCVersionGroup section */
	};
	rootObject = D23732FF25D1BD1B004098E5 /* Project object */;
}
